
Microsoft Visual Studio Solution File, Format Version 12.00
# Visual Studio Version 17
VisualStudioVersion = 17.14.36414.22 d17.14
MinimumVisualStudioVersion = 10.0.40219.1
Project("{FAE04EC0-301F-11D3-BF4B-00C04F79EFBC}") = "PizzaRestaurantDrink", "PizzaRestaurantDrink\PizzaRestaurantDrink.csproj", "{A1AEC63D-C16A-48BE-9743-26E79DADF02C}"
EndProject
Project("{FAE04EC0-301F-11D3-BF4B-00C04F79EFBC}") = "Dblayer", "Dblayer\Dblayer.csproj", "{A326803E-D7AB-4DB3-835F-328CB56FE03D}"
EndProject
Global
	GlobalSection(SolutionConfigurationPlatforms) = preSolution
		Debug|Any CPU = Debug|Any CPU
		Release|Any CPU = Release|Any CPU
	EndGlobalSection
	GlobalSection(ProjectConfigurationPlatforms) = postSolution
		{A1AEC63D-C16A-48BE-9743-26E79DADF02C}.Debug|Any CPU.ActiveCfg = Debug|Any CPU
		{A1AEC63D-C16A-48BE-9743-26E79DADF02C}.Debug|Any CPU.Build.0 = Debug|Any CPU
		{A1AEC63D-C16A-48BE-9743-26E79DADF02C}.Release|Any CPU.ActiveCfg = Release|Any CPU
		{A1AEC63D-C16A-48BE-9743-26E79DADF02C}.Release|Any CPU.Build.0 = Release|Any CPU
		{A326803E-D7AB-4DB3-835F-328CB56FE03D}.Debug|Any CPU.ActiveCfg = Debug|Any CPU
		{A326803E-D7AB-4DB3-835F-328CB56FE03D}.Debug|Any CPU.Build.0 = Debug|Any CPU
		{A326803E-D7AB-4DB3-835F-328CB56FE03D}.Release|Any CPU.ActiveCfg = Release|Any CPU
		{A326803E-D7AB-4DB3-835F-328CB56FE03D}.Release|Any CPU.Build.0 = Release|Any CPU
	EndGlobalSection
	GlobalSection(SolutionProperties) = preSolution
		HideSolutionNode = FALSE
	EndGlobalSection
	GlobalSection(ExtensibilityGlobals) = postSolution
		SolutionGuid = {BC74CBF2-F92E-4864-A5B7-3B4DB8C15001}
	EndGlobalSection
EndGlobal
